
Microsoft Visual Studio Solution File, Format Version 12.00
# Visual Studio Version 17
VisualStudioVersion = 17.7.34031.279
MinimumVisualStudioVersion = 10.0.40219.1
Project("{FAE04EC0-301F-11D3-BF4B-00C04F79EFBC}") = "webapp", "webapp\webapp.csproj", "{C0F8FC32-E2CC-4496-B6A8-ABA7E56D4CCF}"
EndProject
Global
	GlobalSection(SolutionConfigurationPlatforms) = preSolution
		Debug|Any CPU = Debug|Any CPU
		Release|Any CPU = Release|Any CPU
	EndGlobalSection
	GlobalSection(ProjectConfigurationPlatforms) = postSolution
		{C0F8FC32-E2CC-4496-B6A8-ABA7E56D4CCF}.Debug|Any CPU.ActiveCfg = Debug|Any CPU
		{C0F8FC32-E2CC-4496-B6A8-ABA7E56D4CCF}.Debug|Any CPU.Build.0 = Debug|Any CPU
		{C0F8FC32-E2CC-4496-B6A8-ABA7E56D4CCF}.Release|Any CPU.ActiveCfg = Release|Any CPU
		{C0F8FC32-E2CC-4496-B6A8-ABA7E56D4CCF}.Release|Any CPU.Build.0 = Release|Any CPU
	EndGlobalSection
	GlobalSection(SolutionProperties) = preSolution
		HideSolutionNode = FALSE
	EndGlobalSection
	GlobalSection(ExtensibilityGlobals) = postSolution
		SolutionGuid = {BAEACCB3-D3CE-4796-9735-5363D5BB69C5}
	EndGlobalSection
EndGlobal
